dependencies:
  devDependencies:
    - "@babel/cli"
    - "@babel/core"
    - "@babel/preset-env"
    - "@babel/preset-typescript"
    - "@types/jest"
    - "@typescript-eslint/eslint-plugin"
    - "@typescript-eslint/parser"
    - eslint
    - eslint-config-prettier
    - jest
    - jest-circus
    - prettier
    - rimraf
    - typescript
files:
  - hash: >-
      CjAV3UQ+t7erq544SpBjO+HbRPrYx+copUsY6RQXzimScis/Zs3izZyMFQYA26+K2bnMQhErg9F+5Npi04iPGQ==
    path: .babelrc
  - hash: >-
      kyzgCb9r6PlD1kkhv3RKYV+xCY1h5cjPXQU0sm8lNtUqgiVawJbkCQxcvBe0rFL9UXk3sTLWx+GzGEIGVCLTEA==
    path: .eslintrc
  - hash: >-
      fxSZnVg1JXiEGv1w/4+1LpWhyUWeFgVRnyX8grd7X6S0JOseqVFI+GZS4O8s7QGhF0D2c/RfzdmEEbCDjdrbcw==
    path: .gitignore
  - hash: >-
      8E+XQ5ZNeu7TeSHnwg5DcC4Mu6g4DqZwDXLE/Xe7qX3Nyh3kmFYejudAhkUuvTieOeMElSuI+FmM461P6JLYug==
    path: jest.config.json
  - once: true
    path: README.md
  - once: true
    path: src/index.test.ts
  - once: true
    path: src/index.ts
  - hash: >-
      Wvn79Ah1EmIDyTVVi4uDZAucomOUsQXNPCqWdj1KXckHWjaLhGHD4rwesjGVVa/0FM9rEvtFq1OsiftbNpA1hw==
    path: tsconfig.build.json
  - hash: >-
      mmM9PGwqLSxLRIDBzKFNtJqqM/1Fh/TOzubHlC6su7WHv1peDWQglI014mldKMdHNri6F4wbp5NGN26XCTHkFw==
    path: tsconfig.json
scripts:
  - build
  - build:babel
  - build:typedefs
  - lint
  - lint:eslint
  - lint:prettier
  - lint:types
  - prebuild
  - test
version: 1
